
Microsoft Visual Studio Solution File, Format Version 12.00
# Visual Studio 15
VisualStudioVersion = 15.0.27004.2006
MinimumVisualStudioVersion = 10.0.40219.1
Project("{FAE04EC0-301F-11D3-BF4B-00C04F79EFBC}") = "Vezba.Api", "Vezba.Api\Vezba.Api.csproj", "{87C77A71-9AAD-40C3-8495-A4AEE77BDDA6}"
EndProject
Project("{FAE04EC0-301F-11D3-BF4B-00C04F79EFBC}") = "Vezba.Entity", "Vezba.Entity\Vezba.Entity.csproj", "{7EF431CD-18B5-478F-B90A-42861FB25279}"
EndProject
Global
	GlobalSection(SolutionConfigurationPlatforms) = preSolution
		Debug|Any CPU = Debug|Any CPU
		Release|Any CPU = Release|Any CPU
	EndGlobalSection
	GlobalSection(ProjectConfigurationPlatforms) = postSolution
		{87C77A71-9AAD-40C3-8495-A4AEE77BDDA6}.Debug|Any CPU.ActiveCfg = Debug|Any CPU
		{87C77A71-9AAD-40C3-8495-A4AEE77BDDA6}.Debug|Any CPU.Build.0 = Debug|Any CPU
		{87C77A71-9AAD-40C3-8495-A4AEE77BDDA6}.Release|Any CPU.ActiveCfg = Release|Any CPU
		{87C77A71-9AAD-40C3-8495-A4AEE77BDDA6}.Release|Any CPU.Build.0 = Release|Any CPU
		{7EF431CD-18B5-478F-B90A-42861FB25279}.Debug|Any CPU.ActiveCfg = Debug|Any CPU
		{7EF431CD-18B5-478F-B90A-42861FB25279}.Debug|Any CPU.Build.0 = Debug|Any CPU
		{7EF431CD-18B5-478F-B90A-42861FB25279}.Release|Any CPU.ActiveCfg = Release|Any CPU
		{7EF431CD-18B5-478F-B90A-42861FB25279}.Release|Any CPU.Build.0 = Release|Any CPU
	EndGlobalSection
	GlobalSection(SolutionProperties) = preSolution
		HideSolutionNode = FALSE
	EndGlobalSection
	GlobalSection(ExtensibilityGlobals) = postSolution
		SolutionGuid = {821D56FD-1FC6-4944-BE61-05EC19B86CA0}
	EndGlobalSection
EndGlobal
